
Microsoft Visual Studio Solution File, Format Version 12.00
# Visual Studio Version 17
VisualStudioVersion = 17.4.33205.214
MinimumVisualStudioVersion = 10.0.40219.1
Project("{FAE04EC0-301F-11D3-BF4B-00C04F79EFBC}") = "Enums", "Enums\Enums.csproj", "{438304A8-7D07-4362-B16E-46A216CCE0D8}"
EndProject
Global
	GlobalSection(SolutionConfigurationPlatforms) = preSolution
		Debug|Any CPU = Debug|Any CPU
		Release|Any CPU = Release|Any CPU
	EndGlobalSection
	GlobalSection(ProjectConfigurationPlatforms) = postSolution
		{438304A8-7D07-4362-B16E-46A216CCE0D8}.Debug|Any CPU.ActiveCfg = Debug|Any CPU
		{438304A8-7D07-4362-B16E-46A216CCE0D8}.Debug|Any CPU.Build.0 = Debug|Any CPU
		{438304A8-7D07-4362-B16E-46A216CCE0D8}.Release|Any CPU.ActiveCfg = Release|Any CPU
		{438304A8-7D07-4362-B16E-46A216CCE0D8}.Release|Any CPU.Build.0 = Release|Any CPU
	EndGlobalSection
	GlobalSection(SolutionProperties) = preSolution
		HideSolutionNode = FALSE
	EndGlobalSection
	GlobalSection(ExtensibilityGlobals) = postSolution
		SolutionGuid = {7DD3E7C5-F749-4A4F-BEE6-DD826BB129BA}
	EndGlobalSection
EndGlobal
