
Microsoft Visual Studio Solution File, Format Version 12.00
# Visual Studio Version 17
VisualStudioVersion = 17.4.33122.133
MinimumVisualStudioVersion = 10.0.40219.1
Project("{FAE04EC0-301F-11D3-BF4B-00C04F79EFBC}") = "CsharpLoops", "CsharpLoops\CsharpLoops.csproj", "{DC27787E-66FD-40C5-9088-FE680788C2E1}"
EndProject
Global
	GlobalSection(SolutionConfigurationPlatforms) = preSolution
		Debug|Any CPU = Debug|Any CPU
		Release|Any CPU = Release|Any CPU
	EndGlobalSection
	GlobalSection(ProjectConfigurationPlatforms) = postSolution
		{DC27787E-66FD-40C5-9088-FE680788C2E1}.Debug|Any CPU.ActiveCfg = Debug|Any CPU
		{DC27787E-66FD-40C5-9088-FE680788C2E1}.Debug|Any CPU.Build.0 = Debug|Any CPU
		{DC27787E-66FD-40C5-9088-FE680788C2E1}.Release|Any CPU.ActiveCfg = Release|Any CPU
		{DC27787E-66FD-40C5-9088-FE680788C2E1}.Release|Any CPU.Build.0 = Release|Any CPU
	EndGlobalSection
	GlobalSection(SolutionProperties) = preSolution
		HideSolutionNode = FALSE
	EndGlobalSection
	GlobalSection(ExtensibilityGlobals) = postSolution
		SolutionGuid = {90DAFEA6-C2FA-4763-BD8A-D8AF37C03952}
	EndGlobalSection
EndGlobal
