
Microsoft Visual Studio Solution File, Format Version 12.00
# Visual Studio Version 17
VisualStudioVersion = 17.4.33205.214
MinimumVisualStudioVersion = 10.0.40219.1
Project("{FAE04EC0-301F-11D3-BF4B-00C04F79EFBC}") = "Encapsulation", "Encapsulation\Encapsulation.csproj", "{52A11381-872C-465D-B216-A2EFD670AEB1}"
EndProject
Global
	GlobalSection(SolutionConfigurationPlatforms) = preSolution
		Debug|Any CPU = Debug|Any CPU
		Release|Any CPU = Release|Any CPU
	EndGlobalSection
	GlobalSection(ProjectConfigurationPlatforms) = postSolution
		{52A11381-872C-465D-B216-A2EFD670AEB1}.Debug|Any CPU.ActiveCfg = Debug|Any CPU
		{52A11381-872C-465D-B216-A2EFD670AEB1}.Debug|Any CPU.Build.0 = Debug|Any CPU
		{52A11381-872C-465D-B216-A2EFD670AEB1}.Release|Any CPU.ActiveCfg = Release|Any CPU
		{52A11381-872C-465D-B216-A2EFD670AEB1}.Release|Any CPU.Build.0 = Release|Any CPU
	EndGlobalSection
	GlobalSection(SolutionProperties) = preSolution
		HideSolutionNode = FALSE
	EndGlobalSection
	GlobalSection(ExtensibilityGlobals) = postSolution
		SolutionGuid = {1BB63F0D-6411-4143-B398-85BD40A8E504}
	EndGlobalSection
EndGlobal
