
Microsoft Visual Studio Solution File, Format Version 12.00
# Visual Studio Version 17
VisualStudioVersion = 17.4.33122.133
MinimumVisualStudioVersion = 10.0.40219.1
Project("{FAE04EC0-301F-11D3-BF4B-00C04F79EFBC}") = "ConsoleApp3", "ConsoleApp3\ConsoleApp3.csproj", "{56F98F70-81C5-4E75-B4EF-55AD60ACE6BE}"
EndProject
Global
	GlobalSection(SolutionConfigurationPlatforms) = preSolution
		Debug|Any CPU = Debug|Any CPU
		Release|Any CPU = Release|Any CPU
	EndGlobalSection
	GlobalSection(ProjectConfigurationPlatforms) = postSolution
		{56F98F70-81C5-4E75-B4EF-55AD60ACE6BE}.Debug|Any CPU.ActiveCfg = Debug|Any CPU
		{56F98F70-81C5-4E75-B4EF-55AD60ACE6BE}.Debug|Any CPU.Build.0 = Debug|Any CPU
		{56F98F70-81C5-4E75-B4EF-55AD60ACE6BE}.Release|Any CPU.ActiveCfg = Release|Any CPU
		{56F98F70-81C5-4E75-B4EF-55AD60ACE6BE}.Release|Any CPU.Build.0 = Release|Any CPU
	EndGlobalSection
	GlobalSection(SolutionProperties) = preSolution
		HideSolutionNode = FALSE
	EndGlobalSection
	GlobalSection(ExtensibilityGlobals) = postSolution
		SolutionGuid = {C40E3038-9554-4FF0-A78F-A2C31F3C1E1A}
	EndGlobalSection
EndGlobal
