
Microsoft Visual Studio Solution File, Format Version 12.00
# Visual Studio Version 17
VisualStudioVersion = 17.4.33205.214
MinimumVisualStudioVersion = 10.0.40219.1
Project("{FAE04EC0-301F-11D3-BF4B-00C04F79EFBC}") = "ListOfObject", "ListOfObject\ListOfObject.csproj", "{F5488AF5-A164-497C-999A-3710CEB5889F}"
EndProject
Global
	GlobalSection(SolutionConfigurationPlatforms) = preSolution
		Debug|Any CPU = Debug|Any CPU
		Release|Any CPU = Release|Any CPU
	EndGlobalSection
	GlobalSection(ProjectConfigurationPlatforms) = postSolution
		{F5488AF5-A164-497C-999A-3710CEB5889F}.Debug|Any CPU.ActiveCfg = Debug|Any CPU
		{F5488AF5-A164-497C-999A-3710CEB5889F}.Debug|Any CPU.Build.0 = Debug|Any CPU
		{F5488AF5-A164-497C-999A-3710CEB5889F}.Release|Any CPU.ActiveCfg = Release|Any CPU
		{F5488AF5-A164-497C-999A-3710CEB5889F}.Release|Any CPU.Build.0 = Release|Any CPU
	EndGlobalSection
	GlobalSection(SolutionProperties) = preSolution
		HideSolutionNode = FALSE
	EndGlobalSection
	GlobalSection(ExtensibilityGlobals) = postSolution
		SolutionGuid = {E5E56604-2636-4283-874C-A1D72FCF1956}
	EndGlobalSection
EndGlobal
