
Microsoft Visual Studio Solution File, Format Version 12.00
# Visual Studio Version 17
VisualStudioVersion = 17.4.33122.133
MinimumVisualStudioVersion = 10.0.40219.1
Project("{FAE04EC0-301F-11D3-BF4B-00C04F79EFBC}") = "Arrays_foreach", "Arrays_foreach\Arrays_foreach.csproj", "{09DEE752-B7E0-4F90-95BD-593A6FF4D5BA}"
EndProject
Global
	GlobalSection(SolutionConfigurationPlatforms) = preSolution
		Debug|Any CPU = Debug|Any CPU
		Release|Any CPU = Release|Any CPU
	EndGlobalSection
	GlobalSection(ProjectConfigurationPlatforms) = postSolution
		{09DEE752-B7E0-4F90-95BD-593A6FF4D5BA}.Debug|Any CPU.ActiveCfg = Debug|Any CPU
		{09DEE752-B7E0-4F90-95BD-593A6FF4D5BA}.Debug|Any CPU.Build.0 = Debug|Any CPU
		{09DEE752-B7E0-4F90-95BD-593A6FF4D5BA}.Release|Any CPU.ActiveCfg = Release|Any CPU
		{09DEE752-B7E0-4F90-95BD-593A6FF4D5BA}.Release|Any CPU.Build.0 = Release|Any CPU
	EndGlobalSection
	GlobalSection(SolutionProperties) = preSolution
		HideSolutionNode = FALSE
	EndGlobalSection
	GlobalSection(ExtensibilityGlobals) = postSolution
		SolutionGuid = {7637FD74-69CD-4CFE-B27E-F5564AD7628E}
	EndGlobalSection
EndGlobal
