
Microsoft Visual Studio Solution File, Format Version 12.00
# Visual Studio Version 17
VisualStudioVersion = 17.4.33122.133
MinimumVisualStudioVersion = 10.0.40219.1
Project("{FAE04EC0-301F-11D3-BF4B-00C04F79EFBC}") = "Overriding", "Overriding\Overriding.csproj", "{380B6808-DA79-40FF-92F6-070FECD22EF0}"
EndProject
Project("{FAE04EC0-301F-11D3-BF4B-00C04F79EFBC}") = "ToString", "ToString\ToString.csproj", "{FAA1BC2C-E8B6-49C6-9E76-FFE4E260FC5B}"
EndProject
Project("{FAE04EC0-301F-11D3-BF4B-00C04F79EFBC}") = "Polimorphism", "Polimorphism\Polimorphism.csproj", "{BA8A85A0-FB92-4D96-B4C8-0E0CD1E31A25}"
EndProject
Global
	GlobalSection(SolutionConfigurationPlatforms) = preSolution
		Debug|Any CPU = Debug|Any CPU
		Release|Any CPU = Release|Any CPU
	EndGlobalSection
	GlobalSection(ProjectConfigurationPlatforms) = postSolution
		{380B6808-DA79-40FF-92F6-070FECD22EF0}.Debug|Any CPU.ActiveCfg = Debug|Any CPU
		{380B6808-DA79-40FF-92F6-070FECD22EF0}.Debug|Any CPU.Build.0 = Debug|Any CPU
		{380B6808-DA79-40FF-92F6-070FECD22EF0}.Release|Any CPU.ActiveCfg = Release|Any CPU
		{380B6808-DA79-40FF-92F6-070FECD22EF0}.Release|Any CPU.Build.0 = Release|Any CPU
		{FAA1BC2C-E8B6-49C6-9E76-FFE4E260FC5B}.Debug|Any CPU.ActiveCfg = Debug|Any CPU
		{FAA1BC2C-E8B6-49C6-9E76-FFE4E260FC5B}.Debug|Any CPU.Build.0 = Debug|Any CPU
		{FAA1BC2C-E8B6-49C6-9E76-FFE4E260FC5B}.Release|Any CPU.ActiveCfg = Release|Any CPU
		{FAA1BC2C-E8B6-49C6-9E76-FFE4E260FC5B}.Release|Any CPU.Build.0 = Release|Any CPU
		{BA8A85A0-FB92-4D96-B4C8-0E0CD1E31A25}.Debug|Any CPU.ActiveCfg = Debug|Any CPU
		{BA8A85A0-FB92-4D96-B4C8-0E0CD1E31A25}.Debug|Any CPU.Build.0 = Debug|Any CPU
		{BA8A85A0-FB92-4D96-B4C8-0E0CD1E31A25}.Release|Any CPU.ActiveCfg = Release|Any CPU
		{BA8A85A0-FB92-4D96-B4C8-0E0CD1E31A25}.Release|Any CPU.Build.0 = Release|Any CPU
	EndGlobalSection
	GlobalSection(SolutionProperties) = preSolution
		HideSolutionNode = FALSE
	EndGlobalSection
	GlobalSection(ExtensibilityGlobals) = postSolution
		SolutionGuid = {B7DC3AD9-D5C8-4834-933F-04391F807031}
	EndGlobalSection
EndGlobal
