
Microsoft Visual Studio Solution File, Format Version 12.00
# Visual Studio Version 17
VisualStudioVersion = 17.4.33122.133
MinimumVisualStudioVersion = 10.0.40219.1
Project("{FAE04EC0-301F-11D3-BF4B-00C04F79EFBC}") = "ConsoleApp7Conditions", "ConsoleApp7Conditions\ConsoleApp7Conditions.csproj", "{D9440990-1FC5-4AD7-8849-7C1F094B36A3}"
EndProject
Global
	GlobalSection(SolutionConfigurationPlatforms) = preSolution
		Debug|Any CPU = Debug|Any CPU
		Release|Any CPU = Release|Any CPU
	EndGlobalSection
	GlobalSection(ProjectConfigurationPlatforms) = postSolution
		{D9440990-1FC5-4AD7-8849-7C1F094B36A3}.Debug|Any CPU.ActiveCfg = Debug|Any CPU
		{D9440990-1FC5-4AD7-8849-7C1F094B36A3}.Debug|Any CPU.Build.0 = Debug|Any CPU
		{D9440990-1FC5-4AD7-8849-7C1F094B36A3}.Release|Any CPU.ActiveCfg = Release|Any CPU
		{D9440990-1FC5-4AD7-8849-7C1F094B36A3}.Release|Any CPU.Build.0 = Release|Any CPU
	EndGlobalSection
	GlobalSection(SolutionProperties) = preSolution
		HideSolutionNode = FALSE
	EndGlobalSection
	GlobalSection(ExtensibilityGlobals) = postSolution
		SolutionGuid = {2C8D4876-64D4-413B-B6A0-C6D1051E81A8}
	EndGlobalSection
EndGlobal
