
Microsoft Visual Studio Solution File, Format Version 12.00
# Visual Studio Version 17
VisualStudioVersion = 17.4.33122.133
MinimumVisualStudioVersion = 10.0.40219.1
Project("{FAE04EC0-301F-11D3-BF4B-00C04F79EFBC}") = "ParamsKeyword", "ParamsKeyword\ParamsKeyword.csproj", "{31C6C0D8-75C8-4F09-956E-06B72BA4C2BA}"
EndProject
Project("{FAE04EC0-301F-11D3-BF4B-00C04F79EFBC}") = "ParamsKeywordPractice", "ParamsKeywordPractice\ParamsKeywordPractice.csproj", "{9C131B2A-E4E8-4D4C-9B49-86C71EBE4772}"
EndProject
Global
	GlobalSection(SolutionConfigurationPlatforms) = preSolution
		Debug|Any CPU = Debug|Any CPU
		Release|Any CPU = Release|Any CPU
	EndGlobalSection
	GlobalSection(ProjectConfigurationPlatforms) = postSolution
		{31C6C0D8-75C8-4F09-956E-06B72BA4C2BA}.Debug|Any CPU.ActiveCfg = Debug|Any CPU
		{31C6C0D8-75C8-4F09-956E-06B72BA4C2BA}.Debug|Any CPU.Build.0 = Debug|Any CPU
		{31C6C0D8-75C8-4F09-956E-06B72BA4C2BA}.Release|Any CPU.ActiveCfg = Release|Any CPU
		{31C6C0D8-75C8-4F09-956E-06B72BA4C2BA}.Release|Any CPU.Build.0 = Release|Any CPU
		{9C131B2A-E4E8-4D4C-9B49-86C71EBE4772}.Debug|Any CPU.ActiveCfg = Debug|Any CPU
		{9C131B2A-E4E8-4D4C-9B49-86C71EBE4772}.Debug|Any CPU.Build.0 = Debug|Any CPU
		{9C131B2A-E4E8-4D4C-9B49-86C71EBE4772}.Release|Any CPU.ActiveCfg = Release|Any CPU
		{9C131B2A-E4E8-4D4C-9B49-86C71EBE4772}.Release|Any CPU.Build.0 = Release|Any CPU
	EndGlobalSection
	GlobalSection(SolutionProperties) = preSolution
		HideSolutionNode = FALSE
	EndGlobalSection
	GlobalSection(ExtensibilityGlobals) = postSolution
		SolutionGuid = {7D91EB97-F253-4A97-A55A-CC1D0BD5C22D}
	EndGlobalSection
EndGlobal
