
Microsoft Visual Studio Solution File, Format Version 12.00
# Visual Studio Version 17
VisualStudioVersion = 17.4.33205.214
MinimumVisualStudioVersion = 10.0.40219.1
Project("{FAE04EC0-301F-11D3-BF4B-00C04F79EFBC}") = "Encapsulation2", "Encapsulation2\Encapsulation2.csproj", "{5069769C-88E6-4033-82B6-85979306483A}"
EndProject
Global
	GlobalSection(SolutionConfigurationPlatforms) = preSolution
		Debug|Any CPU = Debug|Any CPU
		Release|Any CPU = Release|Any CPU
	EndGlobalSection
	GlobalSection(ProjectConfigurationPlatforms) = postSolution
		{5069769C-88E6-4033-82B6-85979306483A}.Debug|Any CPU.ActiveCfg = Debug|Any CPU
		{5069769C-88E6-4033-82B6-85979306483A}.Debug|Any CPU.Build.0 = Debug|Any CPU
		{5069769C-88E6-4033-82B6-85979306483A}.Release|Any CPU.ActiveCfg = Release|Any CPU
		{5069769C-88E6-4033-82B6-85979306483A}.Release|Any CPU.Build.0 = Release|Any CPU
	EndGlobalSection
	GlobalSection(SolutionProperties) = preSolution
		HideSolutionNode = FALSE
	EndGlobalSection
	GlobalSection(ExtensibilityGlobals) = postSolution
		SolutionGuid = {C5989772-E0CB-41A2-94B8-B32B6A351269}
	EndGlobalSection
EndGlobal
