
Microsoft Visual Studio Solution File, Format Version 12.00
# Visual Studio Version 17
VisualStudioVersion = 17.4.33122.133
MinimumVisualStudioVersion = 10.0.40219.1
Project("{FAE04EC0-301F-11D3-BF4B-00C04F79EFBC}") = "Lists", "Lists\Lists.csproj", "{4DA8288C-04FC-4335-9558-E73B13EAA1FB}"
EndProject
Project("{FAE04EC0-301F-11D3-BF4B-00C04F79EFBC}") = "Exercise", "Exercise\Exercise.csproj", "{F2B95294-3D90-4A6B-9105-4C1BE0CA7447}"
EndProject
Global
	GlobalSection(SolutionConfigurationPlatforms) = preSolution
		Debug|Any CPU = Debug|Any CPU
		Release|Any CPU = Release|Any CPU
	EndGlobalSection
	GlobalSection(ProjectConfigurationPlatforms) = postSolution
		{4DA8288C-04FC-4335-9558-E73B13EAA1FB}.Debug|Any CPU.ActiveCfg = Debug|Any CPU
		{4DA8288C-04FC-4335-9558-E73B13EAA1FB}.Debug|Any CPU.Build.0 = Debug|Any CPU
		{4DA8288C-04FC-4335-9558-E73B13EAA1FB}.Release|Any CPU.ActiveCfg = Release|Any CPU
		{4DA8288C-04FC-4335-9558-E73B13EAA1FB}.Release|Any CPU.Build.0 = Release|Any CPU
		{F2B95294-3D90-4A6B-9105-4C1BE0CA7447}.Debug|Any CPU.ActiveCfg = Debug|Any CPU
		{F2B95294-3D90-4A6B-9105-4C1BE0CA7447}.Debug|Any CPU.Build.0 = Debug|Any CPU
		{F2B95294-3D90-4A6B-9105-4C1BE0CA7447}.Release|Any CPU.ActiveCfg = Release|Any CPU
		{F2B95294-3D90-4A6B-9105-4C1BE0CA7447}.Release|Any CPU.Build.0 = Release|Any CPU
	EndGlobalSection
	GlobalSection(SolutionProperties) = preSolution
		HideSolutionNode = FALSE
	EndGlobalSection
	GlobalSection(ExtensibilityGlobals) = postSolution
		SolutionGuid = {3417473C-08EC-4AC0-845A-8A7ECE1A15AF}
	EndGlobalSection
EndGlobal
