
Microsoft Visual Studio Solution File, Format Version 12.00
# Visual Studio Version 17
VisualStudioVersion = 17.4.33122.133
MinimumVisualStudioVersion = 10.0.40219.1
Project("{FAE04EC0-301F-11D3-BF4B-00C04F79EFBC}") = "ConsoleApp5UserInput", "ConsoleApp5UserInput\ConsoleApp5UserInput.csproj", "{A6EEED95-9724-46B1-9D08-CC51964566AE}"
EndProject
Global
	GlobalSection(SolutionConfigurationPlatforms) = preSolution
		Debug|Any CPU = Debug|Any CPU
		Release|Any CPU = Release|Any CPU
	EndGlobalSection
	GlobalSection(ProjectConfigurationPlatforms) = postSolution
		{A6EEED95-9724-46B1-9D08-CC51964566AE}.Debug|Any CPU.ActiveCfg = Debug|Any CPU
		{A6EEED95-9724-46B1-9D08-CC51964566AE}.Debug|Any CPU.Build.0 = Debug|Any CPU
		{A6EEED95-9724-46B1-9D08-CC51964566AE}.Release|Any CPU.ActiveCfg = Release|Any CPU
		{A6EEED95-9724-46B1-9D08-CC51964566AE}.Release|Any CPU.Build.0 = Release|Any CPU
	EndGlobalSection
	GlobalSection(SolutionProperties) = preSolution
		HideSolutionNode = FALSE
	EndGlobalSection
	GlobalSection(ExtensibilityGlobals) = postSolution
		SolutionGuid = {EBB97491-A086-4DB5-8B44-22B32B40CAEA}
	EndGlobalSection
EndGlobal
