
Microsoft Visual Studio Solution File, Format Version 12.00
# Visual Studio Version 17
VisualStudioVersion = 17.4.33205.214
MinimumVisualStudioVersion = 10.0.40219.1
Project("{FAE04EC0-301F-11D3-BF4B-00C04F79EFBC}") = "Generics", "Generics\Generics.csproj", "{6881C551-725E-47DD-9CB5-E678E32A9EF0}"
EndProject
Project("{9A19103F-16F7-4668-BE54-9A1E7A4F7556}") = "ParamsKeyword", "..\ParamsKeyword\ParamsKeyword\ParamsKeyword.csproj", "{C4C313E6-9184-43EB-9CA8-88FDB0A9E887}"
EndProject
Global
	GlobalSection(SolutionConfigurationPlatforms) = preSolution
		Debug|Any CPU = Debug|Any CPU
		Release|Any CPU = Release|Any CPU
	EndGlobalSection
	GlobalSection(ProjectConfigurationPlatforms) = postSolution
		{6881C551-725E-47DD-9CB5-E678E32A9EF0}.Debug|Any CPU.ActiveCfg = Debug|Any CPU
		{6881C551-725E-47DD-9CB5-E678E32A9EF0}.Debug|Any CPU.Build.0 = Debug|Any CPU
		{6881C551-725E-47DD-9CB5-E678E32A9EF0}.Release|Any CPU.ActiveCfg = Release|Any CPU
		{6881C551-725E-47DD-9CB5-E678E32A9EF0}.Release|Any CPU.Build.0 = Release|Any CPU
		{C4C313E6-9184-43EB-9CA8-88FDB0A9E887}.Debug|Any CPU.ActiveCfg = Debug|Any CPU
		{C4C313E6-9184-43EB-9CA8-88FDB0A9E887}.Debug|Any CPU.Build.0 = Debug|Any CPU
		{C4C313E6-9184-43EB-9CA8-88FDB0A9E887}.Release|Any CPU.ActiveCfg = Release|Any CPU
		{C4C313E6-9184-43EB-9CA8-88FDB0A9E887}.Release|Any CPU.Build.0 = Release|Any CPU
	EndGlobalSection
	GlobalSection(SolutionProperties) = preSolution
		HideSolutionNode = FALSE
	EndGlobalSection
	GlobalSection(ExtensibilityGlobals) = postSolution
		SolutionGuid = {493D0461-9389-4854-A09B-A9B24CF17491}
	EndGlobalSection
EndGlobal
