
Microsoft Visual Studio Solution File, Format Version 12.00
# Visual Studio Version 17
VisualStudioVersion = 17.4.33122.133
MinimumVisualStudioVersion = 10.0.40219.1
Project("{FAE04EC0-301F-11D3-BF4B-00C04F79EFBC}") = "Csharp_switch_case", "Csharp_switch_case\Csharp_switch_case.csproj", "{618B53F2-08E9-40BC-ADAF-8039D28FDFCD}"
EndProject
Global
	GlobalSection(SolutionConfigurationPlatforms) = preSolution
		Debug|Any CPU = Debug|Any CPU
		Release|Any CPU = Release|Any CPU
	EndGlobalSection
	GlobalSection(ProjectConfigurationPlatforms) = postSolution
		{618B53F2-08E9-40BC-ADAF-8039D28FDFCD}.Debug|Any CPU.ActiveCfg = Debug|Any CPU
		{618B53F2-08E9-40BC-ADAF-8039D28FDFCD}.Debug|Any CPU.Build.0 = Debug|Any CPU
		{618B53F2-08E9-40BC-ADAF-8039D28FDFCD}.Release|Any CPU.ActiveCfg = Release|Any CPU
		{618B53F2-08E9-40BC-ADAF-8039D28FDFCD}.Release|Any CPU.Build.0 = Release|Any CPU
	EndGlobalSection
	GlobalSection(SolutionProperties) = preSolution
		HideSolutionNode = FALSE
	EndGlobalSection
	GlobalSection(ExtensibilityGlobals) = postSolution
		SolutionGuid = {1C4F92F4-77E0-43A6-BC8C-B86439237F58}
	EndGlobalSection
EndGlobal
